
Microsoft Visual Studio Solution File, Format Version 12.00
Project("{FAE04EC0-301F-11D3-BF4B-00C04F79EFBC}") = "Day01", "Day01\Day01.csproj", "{3B3FDB1B-B69A-4BBD-9FF8-C9150083BF4E}"
EndProject
Project("{FAE04EC0-301F-11D3-BF4B-00C04F79EFBC}") = "AoCUtils", "AoCUtils\AoCUtils.csproj", "{7CE1428A-5CBB-4CB5-9831-4D74474C8B12}"
EndProject
Project("{FAE04EC0-301F-11D3-BF4B-00C04F79EFBC}") = "Day01.Tests", "Day01.Tests\Day01.Tests.csproj", "{F71DAA26-B6F2-4420-8F27-5A55C41EA7F1}"
EndProject
Project("{FAE04EC0-301F-11D3-BF4B-00C04F79EFBC}") = "Day02", "Day02\Day02.csproj", "{00F3F733-770B-44F1-8585-F543A3143921}"
EndProject
Project("{FAE04EC0-301F-11D3-BF4B-00C04F79EFBC}") = "Day02.Tests", "Day02.Tests\Day02.Tests.csproj", "{23C9FB1B-9A2B-49C5-B8C8-72CA63349CC3}"
EndProject
Project("{FAE04EC0-301F-11D3-BF4B-00C04F79EFBC}") = "Day03.Tests", "Day03.Tests\Day03.Tests.csproj", "{F0846767-9219-41E2-A24F-ABD65656895A}"
EndProject
Project("{FAE04EC0-301F-11D3-BF4B-00C04F79EFBC}") = "Day03", "Day03\Day03.csproj", "{42D5BCA4-FEA3-4331-ADD7-7111E1C5AAA0}"
EndProject
Project("{FAE04EC0-301F-11D3-BF4B-00C04F79EFBC}") = "Day04", "Day04\Day04.csproj", "{410CA848-63DB-4BBD-B66A-36EF7E77BC87}"
EndProject
Project("{FAE04EC0-301F-11D3-BF4B-00C04F79EFBC}") = "Day04.Tests", "Day04.Tests\Day04.Tests.csproj", "{83F4CD9D-B4CF-400D-9192-D2E37FC137A2}"
EndProject
Global
	GlobalSection(SolutionConfigurationPlatforms) = preSolution
		Debug|Any CPU = Debug|Any CPU
		Release|Any CPU = Release|Any CPU
	EndGlobalSection
	GlobalSection(ProjectConfigurationPlatforms) = postSolution
		{3B3FDB1B-B69A-4BBD-9FF8-C9150083BF4E}.Debug|Any CPU.ActiveCfg = Debug|Any CPU
		{3B3FDB1B-B69A-4BBD-9FF8-C9150083BF4E}.Debug|Any CPU.Build.0 = Debug|Any CPU
		{3B3FDB1B-B69A-4BBD-9FF8-C9150083BF4E}.Release|Any CPU.ActiveCfg = Release|Any CPU
		{3B3FDB1B-B69A-4BBD-9FF8-C9150083BF4E}.Release|Any CPU.Build.0 = Release|Any CPU
		{7CE1428A-5CBB-4CB5-9831-4D74474C8B12}.Debug|Any CPU.ActiveCfg = Debug|Any CPU
		{7CE1428A-5CBB-4CB5-9831-4D74474C8B12}.Debug|Any CPU.Build.0 = Debug|Any CPU
		{7CE1428A-5CBB-4CB5-9831-4D74474C8B12}.Release|Any CPU.ActiveCfg = Release|Any CPU
		{7CE1428A-5CBB-4CB5-9831-4D74474C8B12}.Release|Any CPU.Build.0 = Release|Any CPU
		{F71DAA26-B6F2-4420-8F27-5A55C41EA7F1}.Debug|Any CPU.ActiveCfg = Debug|Any CPU
		{F71DAA26-B6F2-4420-8F27-5A55C41EA7F1}.Debug|Any CPU.Build.0 = Debug|Any CPU
		{F71DAA26-B6F2-4420-8F27-5A55C41EA7F1}.Release|Any CPU.ActiveCfg = Release|Any CPU
		{F71DAA26-B6F2-4420-8F27-5A55C41EA7F1}.Release|Any CPU.Build.0 = Release|Any CPU
		{00F3F733-770B-44F1-8585-F543A3143921}.Debug|Any CPU.ActiveCfg = Debug|Any CPU
		{00F3F733-770B-44F1-8585-F543A3143921}.Debug|Any CPU.Build.0 = Debug|Any CPU
		{00F3F733-770B-44F1-8585-F543A3143921}.Release|Any CPU.ActiveCfg = Release|Any CPU
		{00F3F733-770B-44F1-8585-F543A3143921}.Release|Any CPU.Build.0 = Release|Any CPU
		{23C9FB1B-9A2B-49C5-B8C8-72CA63349CC3}.Debug|Any CPU.ActiveCfg = Debug|Any CPU
		{23C9FB1B-9A2B-49C5-B8C8-72CA63349CC3}.Debug|Any CPU.Build.0 = Debug|Any CPU
		{23C9FB1B-9A2B-49C5-B8C8-72CA63349CC3}.Release|Any CPU.ActiveCfg = Release|Any CPU
		{23C9FB1B-9A2B-49C5-B8C8-72CA63349CC3}.Release|Any CPU.Build.0 = Release|Any CPU
		{F0846767-9219-41E2-A24F-ABD65656895A}.Debug|Any CPU.ActiveCfg = Debug|Any CPU
		{F0846767-9219-41E2-A24F-ABD65656895A}.Debug|Any CPU.Build.0 = Debug|Any CPU
		{F0846767-9219-41E2-A24F-ABD65656895A}.Release|Any CPU.ActiveCfg = Release|Any CPU
		{F0846767-9219-41E2-A24F-ABD65656895A}.Release|Any CPU.Build.0 = Release|Any CPU
		{42D5BCA4-FEA3-4331-ADD7-7111E1C5AAA0}.Debug|Any CPU.ActiveCfg = Debug|Any CPU
		{42D5BCA4-FEA3-4331-ADD7-7111E1C5AAA0}.Debug|Any CPU.Build.0 = Debug|Any CPU
		{42D5BCA4-FEA3-4331-ADD7-7111E1C5AAA0}.Release|Any CPU.ActiveCfg = Release|Any CPU
		{42D5BCA4-FEA3-4331-ADD7-7111E1C5AAA0}.Release|Any CPU.Build.0 = Release|Any CPU
		{410CA848-63DB-4BBD-B66A-36EF7E77BC87}.Debug|Any CPU.ActiveCfg = Debug|Any CPU
		{410CA848-63DB-4BBD-B66A-36EF7E77BC87}.Debug|Any CPU.Build.0 = Debug|Any CPU
		{410CA848-63DB-4BBD-B66A-36EF7E77BC87}.Release|Any CPU.ActiveCfg = Release|Any CPU
		{410CA848-63DB-4BBD-B66A-36EF7E77BC87}.Release|Any CPU.Build.0 = Release|Any CPU
		{83F4CD9D-B4CF-400D-9192-D2E37FC137A2}.Debug|Any CPU.ActiveCfg = Debug|Any CPU
		{83F4CD9D-B4CF-400D-9192-D2E37FC137A2}.Debug|Any CPU.Build.0 = Debug|Any CPU
		{83F4CD9D-B4CF-400D-9192-D2E37FC137A2}.Release|Any CPU.ActiveCfg = Release|Any CPU
		{83F4CD9D-B4CF-400D-9192-D2E37FC137A2}.Release|Any CPU.Build.0 = Release|Any CPU
	EndGlobalSection
EndGlobal
