
Microsoft Visual Studio Solution File, Format Version 12.00
Project("{FAE04EC0-301F-11D3-BF4B-00C04F79EFBC}") = "Day01", "Day01\Day01.csproj", "{3B3FDB1B-B69A-4BBD-9FF8-C9150083BF4E}"
EndProject
Project("{FAE04EC0-301F-11D3-BF4B-00C04F79EFBC}") = "AoCUtils", "AoCUtils\AoCUtils.csproj", "{7CE1428A-5CBB-4CB5-9831-4D74474C8B12}"
EndProject
Project("{FAE04EC0-301F-11D3-BF4B-00C04F79EFBC}") = "Day01.Tests", "Day01.Tests\Day01.Tests.csproj", "{F71DAA26-B6F2-4420-8F27-5A55C41EA7F1}"
EndProject
Project("{FAE04EC0-301F-11D3-BF4B-00C04F79EFBC}") = "Day02", "Day02\Day02.csproj", "{00F3F733-770B-44F1-8585-F543A3143921}"
EndProject
Project("{FAE04EC0-301F-11D3-BF4B-00C04F79EFBC}") = "Day02.Tests", "Day02.Tests\Day02.Tests.csproj", "{23C9FB1B-9A2B-49C5-B8C8-72CA63349CC3}"
EndProject
Project("{FAE04EC0-301F-11D3-BF4B-00C04F79EFBC}") = "Day03.Tests", "Day03.Tests\Day03.Tests.csproj", "{F0846767-9219-41E2-A24F-ABD65656895A}"
EndProject
Project("{FAE04EC0-301F-11D3-BF4B-00C04F79EFBC}") = "Day03", "Day03\Day03.csproj", "{42D5BCA4-FEA3-4331-ADD7-7111E1C5AAA0}"
EndProject
Project("{FAE04EC0-301F-11D3-BF4B-00C04F79EFBC}") = "Day04", "Day04\Day04.csproj", "{410CA848-63DB-4BBD-B66A-36EF7E77BC87}"
EndProject
Project("{FAE04EC0-301F-11D3-BF4B-00C04F79EFBC}") = "Day04.Tests", "Day04.Tests\Day04.Tests.csproj", "{83F4CD9D-B4CF-400D-9192-D2E37FC137A2}"
EndProject
Project("{FAE04EC0-301F-11D3-BF4B-00C04F79EFBC}") = "Day05", "Day05\Day05.csproj", "{AC63BB4E-8F78-47C6-9DDD-0A83A000ACD6}"
EndProject
Project("{FAE04EC0-301F-11D3-BF4B-00C04F79EFBC}") = "Day07", "Day07\Day07.csproj", "{8813F1D2-AB9B-4167-BBF2-416E7953BDFD}"
EndProject
Project("{FAE04EC0-301F-11D3-BF4B-00C04F79EFBC}") = "Day07.Tests", "Day07.Tests\Day07.Tests.csproj", "{732D19AB-2D0C-4025-985D-6955764BA1E4}"
EndProject
Project("{FAE04EC0-301F-11D3-BF4B-00C04F79EFBC}") = "Day08", "Day08\Day08.csproj", "{75DAFC9E-E2F0-4D45-954E-84161823B59D}"
EndProject
Project("{FAE04EC0-301F-11D3-BF4B-00C04F79EFBC}") = "Day08.Tests", "Day08.Tests\Day08.Tests.csproj", "{C3EAA460-0AF2-438E-8027-4FAEF635403E}"
EndProject
Project("{FAE04EC0-301F-11D3-BF4B-00C04F79EFBC}") = "Day06", "Day06\Day06.csproj", "{00B6B79D-A88E-498C-B3A7-8987C6590633}"
EndProject
Project("{FAE04EC0-301F-11D3-BF4B-00C04F79EFBC}") = "Day06.Tests", "Day06.Tests\Day06.Tests.csproj", "{24708210-42AF-4DCC-82B3-7A01228438ED}"
EndProject
Project("{FAE04EC0-301F-11D3-BF4B-00C04F79EFBC}") = "Day05.Tests", "Day05.Tests\Day05.Tests.csproj", "{10C0028C-E443-48E2-AA3A-C2568D1A8B85}"
EndProject
Global
	GlobalSection(SolutionConfigurationPlatforms) = preSolution
		Debug|Any CPU = Debug|Any CPU
		Release|Any CPU = Release|Any CPU
	EndGlobalSection
	GlobalSection(ProjectConfigurationPlatforms) = postSolution
		{3B3FDB1B-B69A-4BBD-9FF8-C9150083BF4E}.Debug|Any CPU.ActiveCfg = Debug|Any CPU
		{3B3FDB1B-B69A-4BBD-9FF8-C9150083BF4E}.Debug|Any CPU.Build.0 = Debug|Any CPU
		{3B3FDB1B-B69A-4BBD-9FF8-C9150083BF4E}.Release|Any CPU.ActiveCfg = Release|Any CPU
		{3B3FDB1B-B69A-4BBD-9FF8-C9150083BF4E}.Release|Any CPU.Build.0 = Release|Any CPU
		{7CE1428A-5CBB-4CB5-9831-4D74474C8B12}.Debug|Any CPU.ActiveCfg = Debug|Any CPU
		{7CE1428A-5CBB-4CB5-9831-4D74474C8B12}.Debug|Any CPU.Build.0 = Debug|Any CPU
		{7CE1428A-5CBB-4CB5-9831-4D74474C8B12}.Release|Any CPU.ActiveCfg = Release|Any CPU
		{7CE1428A-5CBB-4CB5-9831-4D74474C8B12}.Release|Any CPU.Build.0 = Release|Any CPU
		{F71DAA26-B6F2-4420-8F27-5A55C41EA7F1}.Debug|Any CPU.ActiveCfg = Debug|Any CPU
		{F71DAA26-B6F2-4420-8F27-5A55C41EA7F1}.Debug|Any CPU.Build.0 = Debug|Any CPU
		{F71DAA26-B6F2-4420-8F27-5A55C41EA7F1}.Release|Any CPU.ActiveCfg = Release|Any CPU
		{F71DAA26-B6F2-4420-8F27-5A55C41EA7F1}.Release|Any CPU.Build.0 = Release|Any CPU
		{00F3F733-770B-44F1-8585-F543A3143921}.Debug|Any CPU.ActiveCfg = Debug|Any CPU
		{00F3F733-770B-44F1-8585-F543A3143921}.Debug|Any CPU.Build.0 = Debug|Any CPU
		{00F3F733-770B-44F1-8585-F543A3143921}.Release|Any CPU.ActiveCfg = Release|Any CPU
		{00F3F733-770B-44F1-8585-F543A3143921}.Release|Any CPU.Build.0 = Release|Any CPU
		{23C9FB1B-9A2B-49C5-B8C8-72CA63349CC3}.Debug|Any CPU.ActiveCfg = Debug|Any CPU
		{23C9FB1B-9A2B-49C5-B8C8-72CA63349CC3}.Debug|Any CPU.Build.0 = Debug|Any CPU
		{23C9FB1B-9A2B-49C5-B8C8-72CA63349CC3}.Release|Any CPU.ActiveCfg = Release|Any CPU
		{23C9FB1B-9A2B-49C5-B8C8-72CA63349CC3}.Release|Any CPU.Build.0 = Release|Any CPU
		{F0846767-9219-41E2-A24F-ABD65656895A}.Debug|Any CPU.ActiveCfg = Debug|Any CPU
		{F0846767-9219-41E2-A24F-ABD65656895A}.Debug|Any CPU.Build.0 = Debug|Any CPU
		{F0846767-9219-41E2-A24F-ABD65656895A}.Release|Any CPU.ActiveCfg = Release|Any CPU
		{F0846767-9219-41E2-A24F-ABD65656895A}.Release|Any CPU.Build.0 = Release|Any CPU
		{42D5BCA4-FEA3-4331-ADD7-7111E1C5AAA0}.Debug|Any CPU.ActiveCfg = Debug|Any CPU
		{42D5BCA4-FEA3-4331-ADD7-7111E1C5AAA0}.Debug|Any CPU.Build.0 = Debug|Any CPU
		{42D5BCA4-FEA3-4331-ADD7-7111E1C5AAA0}.Release|Any CPU.ActiveCfg = Release|Any CPU
		{42D5BCA4-FEA3-4331-ADD7-7111E1C5AAA0}.Release|Any CPU.Build.0 = Release|Any CPU
		{410CA848-63DB-4BBD-B66A-36EF7E77BC87}.Debug|Any CPU.ActiveCfg = Debug|Any CPU
		{410CA848-63DB-4BBD-B66A-36EF7E77BC87}.Debug|Any CPU.Build.0 = Debug|Any CPU
		{410CA848-63DB-4BBD-B66A-36EF7E77BC87}.Release|Any CPU.ActiveCfg = Release|Any CPU
		{410CA848-63DB-4BBD-B66A-36EF7E77BC87}.Release|Any CPU.Build.0 = Release|Any CPU
		{83F4CD9D-B4CF-400D-9192-D2E37FC137A2}.Debug|Any CPU.ActiveCfg = Debug|Any CPU
		{83F4CD9D-B4CF-400D-9192-D2E37FC137A2}.Debug|Any CPU.Build.0 = Debug|Any CPU
		{83F4CD9D-B4CF-400D-9192-D2E37FC137A2}.Release|Any CPU.ActiveCfg = Release|Any CPU
		{83F4CD9D-B4CF-400D-9192-D2E37FC137A2}.Release|Any CPU.Build.0 = Release|Any CPU
		{AC63BB4E-8F78-47C6-9DDD-0A83A000ACD6}.Debug|Any CPU.ActiveCfg = Debug|Any CPU
		{AC63BB4E-8F78-47C6-9DDD-0A83A000ACD6}.Debug|Any CPU.Build.0 = Debug|Any CPU
		{AC63BB4E-8F78-47C6-9DDD-0A83A000ACD6}.Release|Any CPU.ActiveCfg = Release|Any CPU
		{AC63BB4E-8F78-47C6-9DDD-0A83A000ACD6}.Release|Any CPU.Build.0 = Release|Any CPU
		{8813F1D2-AB9B-4167-BBF2-416E7953BDFD}.Debug|Any CPU.ActiveCfg = Debug|Any CPU
		{8813F1D2-AB9B-4167-BBF2-416E7953BDFD}.Debug|Any CPU.Build.0 = Debug|Any CPU
		{8813F1D2-AB9B-4167-BBF2-416E7953BDFD}.Release|Any CPU.ActiveCfg = Release|Any CPU
		{8813F1D2-AB9B-4167-BBF2-416E7953BDFD}.Release|Any CPU.Build.0 = Release|Any CPU
		{732D19AB-2D0C-4025-985D-6955764BA1E4}.Debug|Any CPU.ActiveCfg = Debug|Any CPU
		{732D19AB-2D0C-4025-985D-6955764BA1E4}.Debug|Any CPU.Build.0 = Debug|Any CPU
		{732D19AB-2D0C-4025-985D-6955764BA1E4}.Release|Any CPU.ActiveCfg = Release|Any CPU
		{732D19AB-2D0C-4025-985D-6955764BA1E4}.Release|Any CPU.Build.0 = Release|Any CPU
		{75DAFC9E-E2F0-4D45-954E-84161823B59D}.Debug|Any CPU.ActiveCfg = Debug|Any CPU
		{75DAFC9E-E2F0-4D45-954E-84161823B59D}.Debug|Any CPU.Build.0 = Debug|Any CPU
		{75DAFC9E-E2F0-4D45-954E-84161823B59D}.Release|Any CPU.ActiveCfg = Release|Any CPU
		{75DAFC9E-E2F0-4D45-954E-84161823B59D}.Release|Any CPU.Build.0 = Release|Any CPU
		{C3EAA460-0AF2-438E-8027-4FAEF635403E}.Debug|Any CPU.ActiveCfg = Debug|Any CPU
		{C3EAA460-0AF2-438E-8027-4FAEF635403E}.Debug|Any CPU.Build.0 = Debug|Any CPU
		{C3EAA460-0AF2-438E-8027-4FAEF635403E}.Release|Any CPU.ActiveCfg = Release|Any CPU
		{C3EAA460-0AF2-438E-8027-4FAEF635403E}.Release|Any CPU.Build.0 = Release|Any CPU
		{00B6B79D-A88E-498C-B3A7-8987C6590633}.Debug|Any CPU.ActiveCfg = Debug|Any CPU
		{00B6B79D-A88E-498C-B3A7-8987C6590633}.Debug|Any CPU.Build.0 = Debug|Any CPU
		{00B6B79D-A88E-498C-B3A7-8987C6590633}.Release|Any CPU.ActiveCfg = Release|Any CPU
		{00B6B79D-A88E-498C-B3A7-8987C6590633}.Release|Any CPU.Build.0 = Release|Any CPU
		{24708210-42AF-4DCC-82B3-7A01228438ED}.Debug|Any CPU.ActiveCfg = Debug|Any CPU
		{24708210-42AF-4DCC-82B3-7A01228438ED}.Debug|Any CPU.Build.0 = Debug|Any CPU
		{24708210-42AF-4DCC-82B3-7A01228438ED}.Release|Any CPU.ActiveCfg = Release|Any CPU
		{24708210-42AF-4DCC-82B3-7A01228438ED}.Release|Any CPU.Build.0 = Release|Any CPU
		{10C0028C-E443-48E2-AA3A-C2568D1A8B85}.Debug|Any CPU.ActiveCfg = Debug|Any CPU
		{10C0028C-E443-48E2-AA3A-C2568D1A8B85}.Debug|Any CPU.Build.0 = Debug|Any CPU
		{10C0028C-E443-48E2-AA3A-C2568D1A8B85}.Release|Any CPU.ActiveCfg = Release|Any CPU
		{10C0028C-E443-48E2-AA3A-C2568D1A8B85}.Release|Any CPU.Build.0 = Release|Any CPU
	EndGlobalSection
EndGlobal
